
Microsoft Visual Studio Solution File, Format Version 12.00
# Visual Studio 15
VisualStudioVersion = 15.0.27130.2024
MinimumVisualStudioVersion = 10.0.40219.1
Project("{FAE04EC0-301F-11D3-BF4B-00C04F79EFBC}") = "WishCreator", "WishCreator\WishCreator.csproj", "{B7ECD6C2-7CFD-438C-8DE2-8013727E2263}"
EndProject
Global
	GlobalSection(SolutionConfigurationPlatforms) = preSolution
		Debug|Any CPU = Debug|Any CPU
		Release|Any CPU = Release|Any CPU
	EndGlobalSection
	GlobalSection(ProjectConfigurationPlatforms) = postSolution
		{B7ECD6C2-7CFD-438C-8DE2-8013727E2263}.Debug|Any CPU.ActiveCfg = Debug|Any CPU
		{B7ECD6C2-7CFD-438C-8DE2-8013727E2263}.Debug|Any CPU.Build.0 = Debug|Any CPU
		{B7ECD6C2-7CFD-438C-8DE2-8013727E2263}.Release|Any CPU.ActiveCfg = Release|Any CPU
		{B7ECD6C2-7CFD-438C-8DE2-8013727E2263}.Release|Any CPU.Build.0 = Release|Any CPU
	EndGlobalSection
	GlobalSection(SolutionProperties) = preSolution
		HideSolutionNode = FALSE
	EndGlobalSection
	GlobalSection(ExtensibilityGlobals) = postSolution
		SolutionGuid = {A4CCCA60-D369-47A5-B729-5F720795D575}
	EndGlobalSection
EndGlobal
